PODS:
  - Network (0.1.0):
    - Network/Release (= 0.1.0)
  - Network/Release (0.1.0)

DEPENDENCIES:
  - Network (from `../Network/`)

EXTERNAL SOURCES:
  Network:
    :path: "../Network/"

SPEC CHECKSUMS:
  Network: 0d1f4438b58ab8925c3edd2b01c9652dc535a2fe

PODFILE CHECKSUM: dd30e599198ba96beb61095b2f150b6742ad02b4

COCOAPODS: 1.13.0
